
Microsoft Visual Studio Solution File, Format Version 12.00
# Visual Studio Version 17
VisualStudioVersion = 17.10.35004.147
MinimumVisualStudioVersion = 10.0.40219.1
Project("{9A19103F-16F7-4668-BE54-9A1E7A4F7556}") = "API", "API\API.csproj", "{DC78222E-A67E-4D1A-8518-9BB58312A139}"
EndProject
Project("{FAE04EC0-301F-11D3-BF4B-00C04F79EFBC}") = "APITests", "APITests\APITests.csproj", "{EFB39864-76EE-44C9-A989-A5627A6F756C}"
EndProject
Global
	GlobalSection(SolutionConfigurationPlatforms) = preSolution
		Debug|Any CPU = Debug|Any CPU
		Release|Any CPU = Release|Any CPU
	EndGlobalSection
	GlobalSection(ProjectConfigurationPlatforms) = postSolution
		{DC78222E-A67E-4D1A-8518-9BB58312A139}.Debug|Any CPU.ActiveCfg = Debug|Any CPU
		{DC78222E-A67E-4D1A-8518-9BB58312A139}.Debug|Any CPU.Build.0 = Debug|Any CPU
		{DC78222E-A67E-4D1A-8518-9BB58312A139}.Release|Any CPU.ActiveCfg = Release|Any CPU
		{DC78222E-A67E-4D1A-8518-9BB58312A139}.Release|Any CPU.Build.0 = Release|Any CPU
		{EFB39864-76EE-44C9-A989-A5627A6F756C}.Debug|Any CPU.ActiveCfg = Debug|Any CPU
		{EFB39864-76EE-44C9-A989-A5627A6F756C}.Debug|Any CPU.Build.0 = Debug|Any CPU
		{EFB39864-76EE-44C9-A989-A5627A6F756C}.Release|Any CPU.ActiveCfg = Release|Any CPU
		{EFB39864-76EE-44C9-A989-A5627A6F756C}.Release|Any CPU.Build.0 = Release|Any CPU
	EndGlobalSection
	GlobalSection(SolutionProperties) = preSolution
		HideSolutionNode = FALSE
	EndGlobalSection
	GlobalSection(ExtensibilityGlobals) = postSolution
		SolutionGuid = {35964FFC-6438-4291-9488-40620F09EB90}
	EndGlobalSection
EndGlobal
